{
  "version": 4,
  "terraform_version": "1.13.5",
  "serial": 13,
  "lineage": "1622c687-0a46-3333-031b-401ecbded590",
  "outputs": {
    "bucket_url": {
      "value": {
        "autoclass": [],
        "cors": [],
        "custom_placement_config": [],
        "default_event_based_hold": false,
        "effective_labels": {
          "goog-terraform-provisioned": "true"
        },
        "enable_object_retention": false,
        "encryption": [],
        "force_destroy": false,
        "hierarchical_namespace": [
          {
            "enabled": false
          }
        ],
        "id": "hymaia-conf-database",
        "ip_filter": [],
        "labels": {},
        "lifecycle_rule": [],
        "location": "EU",
        "logging": [],
        "name": "hymaia-conf-database",
        "project": "hymaia-conf-schedule",
        "project_number": 790434940272,
        "public_access_prevention": "inherited",
        "requester_pays": false,
        "retention_policy": [],
        "rpo": "DEFAULT",
        "self_link": "https://www.googleapis.com/storage/v1/b/hymaia-conf-database",
        "soft_delete_policy": [
          {
            "effective_time": "2025-11-16T19:29:37.240Z",
            "retention_duration_seconds": 604800
          }
        ],
        "storage_class": "STANDARD",
        "terraform_labels": {
          "goog-terraform-provisioned": "true"
        },
        "time_created": "2025-11-16T19:29:37.240Z",
        "timeouts": null,
        "uniform_bucket_level_access": true,
        "updated": "2025-11-16T19:29:39.846Z",
        "url": "gs://hymaia-conf-database",
        "versioning": [],
        "website": []
      },
      "type": [
        "object",
        {
          "autoclass": [
            "list",
            [
              "object",
              {
                "enabled": "bool",
                "terminal_storage_class": "string"
              }
            ]
          ],
          "cors": [
            "list",
            [
              "object",
              {
                "max_age_seconds": "number",
                "method": [
                  "list",
                  "string"
                ],
                "origin": [
                  "list",
                  "string"
                ],
                "response_header": [
                  "list",
                  "string"
                ]
              }
            ]
          ],
          "custom_placement_config": [
            "list",
            [
              "object",
              {
                "data_locations": [
                  "set",
                  "string"
                ]
              }
            ]
          ],
          "default_event_based_hold": "bool",
          "effective_labels": [
            "map",
            "string"
          ],
          "enable_object_retention": "bool",
          "encryption": [
            "list",
            [
              "object",
              {
                "default_kms_key_name": "string"
              }
            ]
          ],
          "force_destroy": "bool",
          "hierarchical_namespace": [
            "list",
            [
              "object",
              {
                "enabled": "bool"
              }
            ]
          ],
          "id": "string",
          "ip_filter": [
            "list",
            [
              "object",
              {
                "allow_all_service_agent_access": "bool",
                "allow_cross_org_vpcs": "bool",
                "mode": "string",
                "public_network_source": [
                  "list",
                  [
                    "object",
                    {
                      "allowed_ip_cidr_ranges": [
                        "list",
                        "string"
                      ]
                    }
                  ]
                ],
                "vpc_network_sources": [
                  "list",
                  [
                    "object",
                    {
                      "allowed_ip_cidr_ranges": [
                        "list",
                        "string"
                      ],
                      "network": "string"
                    }
                  ]
                ]
              }
            ]
          ],
          "labels": [
            "map",
            "string"
          ],
          "lifecycle_rule": [
            "list",
            [
              "object",
              {
                "action": [
                  "set",
                  [
                    "object",
                    {
                      "storage_class": "string",
                      "type": "string"
                    }
                  ]
                ],
                "condition": [
                  "set",
                  [
                    "object",
                    {
                      "age": "number",
                      "created_before": "string",
                      "custom_time_before": "string",
                      "days_since_custom_time": "number",
                      "days_since_noncurrent_time": "number",
                      "matches_prefix": [
                        "list",
                        "string"
                      ],
                      "matches_storage_class": [
                        "list",
                        "string"
                      ],
                      "matches_suffix": [
                        "list",
                        "string"
                      ],
                      "noncurrent_time_before": "string",
                      "num_newer_versions": "number",
                      "send_age_if_zero": "bool",
                      "send_days_since_custom_time_if_zero": "bool",
                      "send_days_since_noncurrent_time_if_zero": "bool",
                      "send_num_newer_versions_if_zero": "bool",
                      "with_state": "string"
                    }
                  ]
                ]
              }
            ]
          ],
          "location": "string",
          "logging": [
            "list",
            [
              "object",
              {
                "log_bucket": "string",
                "log_object_prefix": "string"
              }
            ]
          ],
          "name": "string",
          "project": "string",
          "project_number": "number",
          "public_access_prevention": "string",
          "requester_pays": "bool",
          "retention_policy": [
            "list",
            [
              "object",
              {
                "is_locked": "bool",
                "retention_period": "string"
              }
            ]
          ],
          "rpo": "string",
          "self_link": "string",
          "soft_delete_policy": [
            "list",
            [
              "object",
              {
                "effective_time": "string",
                "retention_duration_seconds": "number"
              }
            ]
          ],
          "storage_class": "string",
          "terraform_labels": [
            "map",
            "string"
          ],
          "time_created": "string",
          "timeouts": [
            "object",
            {
              "create": "string",
              "read": "string",
              "update": "string"
            }
          ],
          "uniform_bucket_level_access": "bool",
          "updated": "string",
          "url": "string",
          "versioning": [
            "list",
            [
              "object",
              {
                "enabled": "bool"
              }
            ]
          ],
          "website": [
            "list",
            [
              "object",
              {
                "main_page_suffix": "string",
                "not_found_page": "string"
              }
            ]
          ]
        }
      ]
    }
  },
  "resources": [
    {
      "mode": "managed",
      "type": "google_project",
      "name": "hymaia_conf_schedule",
      "provider": "provider[\"registry.terraform.io/hashicorp/google\"]",
      "instances": [
        {
          "schema_version": 1,
          "attributes": {
            "auto_create_network": true,
            "billing_account": "011D62-316FC5-F18CFB",
            "deletion_policy": "PREVENT",
            "effective_labels": {
              "goog-terraform-provisioned": "true"
            },
            "folder_id": "",
            "id": "projects/hymaia-conf-schedule",
            "labels": {},
            "name": "hymaia-conf-schedule",
            "number": "790434940272",
            "org_id": "409501626013",
            "project_id": "hymaia-conf-schedule",
            "tags": null,
            "terraform_labels": {
              "goog-terraform-provisioned": "true"
            },
            "timeouts": null
          },
          "sensitive_attributes": [],
          "identity_schema_version": 0,
          "private": "eyJlMmJmYjczMC1lY2FhLTExZTYtOGY4OC0zNDM2M2JjN2M0YzAiOnsiY3JlYXRlIjo2MDAwMDAwMDAwMDAsImRlbGV0ZSI6NjAwMDAwMDAwMDAwLCJyZWFkIjo2MDAwMDAwMDAwMDAsInVwZGF0ZSI6NjAwMDAwMDAwMDAwfSwic2NoZW1hX3ZlcnNpb24iOiIxIn0="
        }
      ]
    },
    {
      "mode": "managed",
      "type": "google_project_service",
      "name": "iam_api",
      "provider": "provider[\"registry.terraform.io/hashicorp/google\"]",
      "instances": [
        {
          "schema_version": 0,
          "attributes": {
            "disable_dependent_services": null,
            "disable_on_destroy": null,
            "id": "hymaia-conf-schedule/iam.googleapis.com",
            "project": "hymaia-conf-schedule",
            "service": "iam.googleapis.com",
            "timeouts": null
          },
          "sensitive_attributes": [],
          "identity_schema_version": 0,
          "private": "eyJlMmJmYjczMC1lY2FhLTExZTYtOGY4OC0zNDM2M2JjN2M0YzAiOnsiY3JlYXRlIjoxMjAwMDAwMDAwMDAwLCJkZWxldGUiOjEyMDAwMDAwMDAwMDAsInJlYWQiOjYwMDAwMDAwMDAwMCwidXBkYXRlIjoxMjAwMDAwMDAwMDAwfX0=",
          "dependencies": [
            "google_project.hymaia_conf_schedule"
          ]
        }
      ]
    },
    {
      "mode": "managed",
      "type": "google_project_service",
      "name": "storage_api",
      "provider": "provider[\"registry.terraform.io/hashicorp/google\"]",
      "instances": [
        {
          "schema_version": 0,
          "attributes": {
            "disable_dependent_services": null,
            "disable_on_destroy": null,
            "id": "hymaia-conf-schedule/storage.googleapis.com",
            "project": "hymaia-conf-schedule",
            "service": "storage.googleapis.com",
            "timeouts": null
          },
          "sensitive_attributes": [],
          "identity_schema_version": 0,
          "private": "eyJlMmJmYjczMC1lY2FhLTExZTYtOGY4OC0zNDM2M2JjN2M0YzAiOnsiY3JlYXRlIjoxMjAwMDAwMDAwMDAwLCJkZWxldGUiOjEyMDAwMDAwMDAwMDAsInJlYWQiOjYwMDAwMDAwMDAwMCwidXBkYXRlIjoxMjAwMDAwMDAwMDAwfX0=",
          "dependencies": [
            "google_project.hymaia_conf_schedule"
          ]
        }
      ]
    },
    {
      "mode": "managed",
      "type": "google_storage_bucket",
      "name": "schedule",
      "provider": "provider[\"registry.terraform.io/hashicorp/google\"]",
      "instances": [
        {
          "schema_version": 4,
          "attributes": {
            "autoclass": [],
            "cors": [],
            "custom_placement_config": [],
            "default_event_based_hold": false,
            "effective_labels": {
              "goog-terraform-provisioned": "true"
            },
            "enable_object_retention": false,
            "encryption": [],
            "force_destroy": false,
            "hierarchical_namespace": [
              {
                "enabled": false
              }
            ],
            "id": "hymaia-conf-database",
            "ip_filter": [],
            "labels": {},
            "lifecycle_rule": [],
            "location": "EU",
            "logging": [],
            "name": "hymaia-conf-database",
            "project": "hymaia-conf-schedule",
            "project_number": 790434940272,
            "public_access_prevention": "inherited",
            "requester_pays": false,
            "retention_policy": [],
            "rpo": "DEFAULT",
            "self_link": "https://www.googleapis.com/storage/v1/b/hymaia-conf-database",
            "soft_delete_policy": [
              {
                "effective_time": "2025-11-16T19:29:37.240Z",
                "retention_duration_seconds": 604800
              }
            ],
            "storage_class": "STANDARD",
            "terraform_labels": {
              "goog-terraform-provisioned": "true"
            },
            "time_created": "2025-11-16T19:29:37.240Z",
            "timeouts": null,
            "uniform_bucket_level_access": true,
            "updated": "2025-11-16T19:29:39.846Z",
            "url": "gs://hymaia-conf-database",
            "versioning": [],
            "website": []
          },
          "sensitive_attributes": [],
          "identity_schema_version": 0,
          "private": "eyJlMmJmYjczMC1lY2FhLTExZTYtOGY4OC0zNDM2M2JjN2M0YzAiOnsiY3JlYXRlIjo2MDAwMDAwMDAwMDAsInJlYWQiOjI0MDAwMDAwMDAwMCwidXBkYXRlIjoyNDAwMDAwMDAwMDB9LCJzY2hlbWFfdmVyc2lvbiI6IjQifQ==",
          "dependencies": [
            "google_project.hymaia_conf_schedule"
          ]
        }
      ]
    },
    {
      "mode": "managed",
      "type": "google_storage_bucket_iam_member",
      "name": "public_reader",
      "provider": "provider[\"registry.terraform.io/hashicorp/google\"]",
      "instances": [
        {
          "schema_version": 0,
          "attributes": {
            "bucket": "b/hymaia-conf-database",
            "condition": [],
            "etag": "CAI=",
            "id": "b/hymaia-conf-database/roles/storage.objectViewer/allUsers",
            "member": "allUsers",
            "role": "roles/storage.objectViewer",
            "timeouts": null
          },
          "sensitive_attributes": [],
          "identity_schema_version": 0,
          "private": "eyJlMmJmYjczMC1lY2FhLTExZTYtOGY4OC0zNDM2M2JjN2M0YzAiOnsiY3JlYXRlIjoxMjAwMDAwMDAwMDAwfX0=",
          "dependencies": [
            "google_project.hymaia_conf_schedule",
            "google_storage_bucket.schedule"
          ]
        }
      ]
    }
  ],
  "check_results": null
}
